
Microsoft Visual Studio Solution File, Format Version 10.00
# Visual Studio 2008
Project("{FAE04EC0-301F-11D3-BF4B-00C04F79EFBC}") = "rmb-csharp-asp-demo", "rmb-csharp-asp-demo.csproj", "{19F5F9A5-9C01-4407-A8C0-CE4C0D54B21C}"
EndProject
Global
	GlobalSection(SolutionConfigurationPlatforms) = preSolution
		Debug|Any CPU = Debug|Any CPU
		Release|Any CPU = Release|Any CPU
	EndGlobalSection
	GlobalSection(ProjectConfigurationPlatforms) = postSolution
		{19F5F9A5-9C01-4407-A8C0-CE4C0D54B21C}.Debug|Any CPU.ActiveCfg = Debug|Any CPU
		{19F5F9A5-9C01-4407-A8C0-CE4C0D54B21C}.Debug|Any CPU.Build.0 = Debug|Any CPU
		{19F5F9A5-9C01-4407-A8C0-CE4C0D54B21C}.Release|Any CPU.ActiveCfg = Release|Any CPU
		{19F5F9A5-9C01-4407-A8C0-CE4C0D54B21C}.Release|Any CPU.Build.0 = Release|Any CPU
	EndGlobalSection
	GlobalSection(MonoDevelopProperties) = preSolution
		StartupItem = rmb-csharp-asp-demo.csproj
	EndGlobalSection
EndGlobal
